// !$*UTF8*$!
{
	archiveVersion = 1;
	classes = {
	};
	objectVersion = 46;
	objects = {

/* Begin PBXBuildFile section */
		C792C27A1B4F46850062A170 /* AppDelegate.swift in Sources */ = {isa = PBXBuildFile; fileRef = C792C2791B4F46850062A170 /* AppDelegate.swift */; };
		C792C27C1B4F46850062A170 /* FirstViewController.swift in Sources */ = {isa = PBXBuildFile; fileRef = C792C27B1B4F46850062A170 /* FirstViewController.swift */; };
		C792C27E1B4F46850062A170 /* SecondViewController.swift in Sources */ = {isa = PBXBuildFile; fileRef = C792C27D1B4F46850062A170 /* SecondViewController.swift */; };
		C792C2811B4F46850062A170 /* Main.storyboard in Resources */ = {isa = PBXBuildFile; fileRef = C792C27F1B4F46850062A170 /* Main.storyboard */; };
		C792C2831B4F46850062A170 /* Images.xcassets in Resources */ = {isa = PBXBuildFile; fileRef = C792C2821B4F46850062A170 /* Images.xcassets */; };
		C792C2861B4F46850062A170 /* LaunchScreen.xib in Resources */ = {isa = PBXBuildFile; fileRef = C792C2841B4F46850062A170 /* LaunchScreen.xib */; };
		C792C2921B4F46850062A170 /* ringoTATemplateTests.swift in Sources */ = {isa = PBXBuildFile; fileRef = C792C2911B4F46850062A170 /* ringoTATemplateTests.swift */; };
/* End PBXBuildFile section */

/* Begin PBXContainerItemProxy section */
		C792C28C1B4F46850062A170 /* PBXContainerItemProxy */ = {
			isa = PBXContainerItemProxy;
			containerPortal = C792C26C1B4F46850062A170 /* Project object */;
			proxyType = 1;
			remoteGlobalIDString = C792C2731B4F46850062A170;
			remoteInfo = ringoTATemplate;
		};
/* End PBXContainerItemProxy section */

/* Begin PBXFileReference section */
		C792C2741B4F46850062A170 /* ringoTATemplate.app */ = {isa = PBXFileReference; explicitFileType = wrapper.application; includeInIndex = 0; path = ringoTATemplate.app; sourceTree = BUILT_PRODUCTS_DIR; };
		C792C2781B4F46850062A170 /* Info.plist */ = {isa = PBXFileReference; lastKnownFileType = text.plist.xml; path = Info.plist; sourceTree = "<group>"; };
		C792C2791B4F46850062A170 /* AppDelegate.swift */ = {isa = PBXFileReference; lastKnownFileType = sourcecode.swift; path = AppDelegate.swift; sourceTree = "<group>"; };
		C792C27B1B4F46850062A170 /* FirstViewController.swift */ = {isa = PBXFileReference; lastKnownFileType = sourcecode.swift; path = FirstViewController.swift; sourceTree = "<group>"; };
		C792C27D1B4F46850062A170 /* SecondViewController.swift */ = {isa = PBXFileReference; lastKnownFileType = sourcecode.swift; path = SecondViewController.swift; sourceTree = "<group>"; };
		C792C2801B4F46850062A170 /* Base */ = {isa = PBXFileReference; lastKnownFileType = file.storyboard; name = Base; path = Base.lproj/Main.storyboard; sourceTree = "<group>"; };
		C792C2821B4F46850062A170 /* Images.xcassets */ = {isa = PBXFileReference; lastKnownFileType = folder.assetcatalog; path = Images.xcassets; sourceTree = "<group>"; };
		C792C2851B4F46850062A170 /* Base */ = {isa = PBXFileReference; lastKnownFileType = file.xib; name = Base; path = Base.lproj/LaunchScreen.xib; sourceTree = "<group>"; };
		C792C28B1B4F46850062A170 /* ringoTATemplateTests.xctest */ = {isa = PBXFileReference; explicitFileType = wrapper.cfbundle; includeInIndex = 0; path = ringoTATemplateTests.xctest; sourceTree = BUILT_PRODUCTS_DIR; };
		C792C2901B4F46850062A170 /* Info.plist */ = {isa = PBXFileReference; lastKnownFileType = text.plist.xml; path = Info.plist; sourceTree = "<group>"; };
		C792C2911B4F46850062A170 /* ringoTATemplateTests.swift */ = {isa = PBXFileReference; lastKnownFileType = sourcecode.swift; path = ringoTATemplateTests.swift; sourceTree = "<group>"; };
/* End PBXFileReference section */

/* Begin PBXFrameworksBuildPhase section */
		C792C2711B4F46850062A170 /* Frameworks */ = {
			isa = PBXFrameworksBuildPhase;
			buildActionMask = 2147483647;
			files = (
			);
			runOnlyForDeploymentPostprocessing = 0;
		};
		C792C2881B4F46850062A170 /* Frameworks */ = {
			isa = PBXFrameworksBuildPhase;
			buildActionMask = 2147483647;
			files = (
			);
			runOnlyForDeploymentPostprocessing = 0;
		};
/* End PBXFrameworksBuildPhase section */

/* Begin PBXGroup section */
		C792C26B1B4F46850062A170 = {
			isa = PBXGroup;
			children = (
				C792C2761B4F46850062A170 /* ringoTATemplate */,
				C792C28E1B4F46850062A170 /* ringoTATemplateTests */,
				C792C2751B4F46850062A170 /* Products */,
			);
			sourceTree = "<group>";
		};
		C792C2751B4F46850062A170 /* Products */ = {
			isa = PBXGroup;
			children = (
				C792C2741B4F46850062A170 /* ringoTATemplate.app */,
				C792C28B1B4F46850062A170 /* ringoTATemplateTests.xctest */,
			);
			name = Products;
			sourceTree = "<group>";
		};
		C792C2761B4F46850062A170 /* ringoTATemplate */ = {
			isa = PBXGroup;
			children = (
				C792C2791B4F46850062A170 /* AppDelegate.swift */,
				C792C27B1B4F46850062A170 /* FirstViewController.swift */,
				C792C27D1B4F46850062A170 /* SecondViewController.swift */,
				C792C27F1B4F46850062A170 /* Main.storyboard */,
				C792C2821B4F46850062A170 /* Images.xcassets */,
				C792C2841B4F46850062A170 /* LaunchScreen.xib */,
				C792C2771B4F46850062A170 /* Supporting Files */,
			);
			path = ringoTATemplate;
			sourceTree = "<group>";
		};
		C792C2771B4F46850062A170 /* Supporting Files */ = {
			isa = PBXGroup;
			children = (
				C792C2781B4F46850062A170 /* Info.plist */,
			);
			name = "Supporting Files";
			sourceTree = "<group>";
		};
		C792C28E1B4F46850062A170 /* ringoTATemplateTests */ = {
			isa = PBXGroup;
			children = (
				C792C2911B4F46850062A170 /* ringoTATemplateTests.swift */,
				C792C28F1B4F46850062A170 /* Supporting Files */,
			);
			path = ringoTATemplateTests;
			sourceTree = "<group>";
		};
		C792C28F1B4F46850062A170 /* Supporting Files */ = {
			isa = PBXGroup;
			children = (
				C792C2901B4F46850062A170 /* Info.plist */,
			);
			name = "Supporting Files";
			sourceTree = "<group>";
		};
/* End PBXGroup section */

/* Begin PBXNativeTarget section */
		C792C2731B4F46850062A170 /* ringoTATemplate */ = {
			isa = PBXNativeTarget;
			buildConfigurationList = C792C2951B4F46850062A170 /* Build configuration list for PBXNativeTarget "ringoTATemplate" */;
			buildPhases = (
				C792C2701B4F46850062A170 /* Sources */,
				C792C2711B4F46850062A170 /* Frameworks */,
				C792C2721B4F46850062A170 /* Resources */,
			);
			buildRules = (
			);
			dependencies = (
			);
			name = ringoTATemplate;
			productName = ringoTATemplate;
			productReference = C792C2741B4F46850062A170 /* ringoTATemplate.app */;
			productType = "com.apple.product-type.application";
		};
		C792C28A1B4F46850062A170 /* ringoTATemplateTests */ = {
			isa = PBXNativeTarget;
			buildConfigurationList = C792C2981B4F46850062A170 /* Build configuration list for PBXNativeTarget "ringoTATemplateTests" */;
			buildPhases = (
				C792C2871B4F46850062A170 /* Sources */,
				C792C2881B4F46850062A170 /* Frameworks */,
				C792C2891B4F46850062A170 /* Resources */,
			);
			buildRules = (
			);
			dependencies = (
				C792C28D1B4F46850062A170 /* PBXTargetDependency */,
			);
			name = ringoTATemplateTests;
			productName = ringoTATemplateTests;
			productReference = C792C28B1B4F46850062A170 /* ringoTATemplateTests.xctest */;
			productType = "com.apple.product-type.bundle.unit-test";
		};
/* End PBXNativeTarget section */

/* Begin PBXProject section */
		C792C26C1B4F46850062A170 /* Project object */ = {
			isa = PBXProject;
			attributes = {
				LastUpgradeCheck = 0640;
				ORGANIZATIONNAME = Ringo;
				TargetAttributes = {
					C792C2731B4F46850062A170 = {
						CreatedOnToolsVersion = 6.4;
					};
					C792C28A1B4F46850062A170 = {
						CreatedOnToolsVersion = 6.4;
						TestTargetID = C792C2731B4F46850062A170;
					};
				};
			};
			buildConfigurationList = C792C26F1B4F46850062A170 /* Build configuration list for PBXProject "ringoTATemplate" */;
			compatibilityVersion = "Xcode 3.2";
			developmentRegion = English;
			hasScannedForEncodings = 0;
			knownRegions = (
				en,
				Base,
			);
			mainGroup = C792C26B1B4F46850062A170;
			productRefGroup = C792C2751B4F46850062A170 /* Products */;
			projectDirPath = "";
			projectRoot = "";
			targets = (
				C792C2731B4F46850062A170 /* ringoTATemplate */,
				C792C28A1B4F46850062A170 /* ringoTATemplateTests */,
			);
		};
/* End PBXProject section */

/* Begin PBXResourcesBuildPhase section */
		C792C2721B4F46850062A170 /* Resources */ = {
			isa = PBXResourcesBuildPhase;
			buildActionMask = 2147483647;
			files = (
				C792C2811B4F46850062A170 /* Main.storyboard in Resources */,
				C792C2861B4F46850062A170 /* LaunchScreen.xib in Resources */,
				C792C2831B4F46850062A170 /* Images.xcassets in Resources */,
			);
			runOnlyForDeploymentPostprocessing = 0;
		};
		C792C2891B4F46850062A170 /* Resources */ = {
			isa = PBXResourcesBuildPhase;
			buildActionMask = 2147483647;
			files = (
			);
			runOnlyForDeploymentPostprocessing = 0;
		};
/* End PBXResourcesBuildPhase section */

/* Begin PBXSourcesBuildPhase section */
		C792C2701B4F46850062A170 /* Sources */ = {
			isa = PBXSourcesBuildPhase;
			buildActionMask = 2147483647;
			files = (
				C792C27E1B4F46850062A170 /* SecondViewController.swift in Sources */,
				C792C27A1B4F46850062A170 /* AppDelegate.swift in Sources */,
				C792C27C1B4F46850062A170 /* FirstViewController.swift in Sources */,
			);
			runOnlyForDeploymentPostprocessing = 0;
		};
		C792C2871B4F46850062A170 /* Sources */ = {
			isa = PBXSourcesBuildPhase;
			buildActionMask = 2147483647;
			files = (
				C792C2921B4F46850062A170 /* ringoTATemplateTests.swift in Sources */,
			);
			runOnlyForDeploymentPostprocessing = 0;
		};
/* End PBXSourcesBuildPhase section */

/* Begin PBXTargetDependency section */
		C792C28D1B4F46850062A170 /* PBXTargetDependency */ = {
			isa = PBXTargetDependency;
			target = C792C2731B4F46850062A170 /* ringoTATemplate */;
			targetProxy = C792C28C1B4F46850062A170 /* PBXContainerItemProxy */;
		};
/* End PBXTargetDependency section */

/* Begin PBXVariantGroup section */
		C792C27F1B4F46850062A170 /* Main.storyboard */ = {
			isa = PBXVariantGroup;
			children = (
				C792C2801B4F46850062A170 /* Base */,
			);
			name = Main.storyboard;
			sourceTree = "<group>";
		};
		C792C2841B4F46850062A170 /* LaunchScreen.xib */ = {
			isa = PBXVariantGroup;
			children = (
				C792C2851B4F46850062A170 /* Base */,
			);
			name = LaunchScreen.xib;
			sourceTree = "<group>";
		};
/* End PBXVariantGroup section */

/* Begin XCBuildConfiguration section */
		C792C2931B4F46850062A170 /* Debug */ = {
			isa = XCBuildConfiguration;
			buildSettings = {
				ALWAYS_SEARCH_USER_PATHS = NO;
				CLANG_CXX_LANGUAGE_STANDARD = "gnu++0x";
				CLANG_CXX_LIBRARY = "libc++";
				CLANG_ENABLE_MODULES = YES;
				CLANG_ENABLE_OBJC_ARC = YES;
				CLANG_WARN_BOOL_CONVERSION = YES;
				CLANG_WARN_CONSTANT_CONVERSION = YES;
				CLANG_WARN_DIRECT_OBJC_ISA_USAGE = YES_ERROR;
				CLANG_WARN_EMPTY_BODY = YES;
				CLANG_WARN_ENUM_CONVERSION = YES;
				CLANG_WARN_INT_CONVERSION = YES;
				CLANG_WARN_OBJC_ROOT_CLASS = YES_ERROR;
				CLANG_WARN_UNREACHABLE_CODE = YES;
				CLANG_WARN__DUPLICATE_METHOD_MATCH = YES;
				"CODE_SIGN_IDENTITY[sdk=iphoneos*]" = "iPhone Developer";
				COPY_PHASE_STRIP = NO;
				DEBUG_INFORMATION_FORMAT = "dwarf-with-dsym";
				ENABLE_STRICT_OBJC_MSGSEND = YES;
				GCC_C_LANGUAGE_STANDARD = gnu99;
				GCC_DYNAMIC_NO_PIC = NO;
				GCC_NO_COMMON_BLOCKS = YES;
				GCC_OPTIMIZATION_LEVEL = 0;
				GCC_PREPROCESSOR_DEFINITIONS = (
					"DEBUG=1",
					"$(inherited)",
				);
				GCC_SYMBOLS_PRIVATE_EXTERN = NO;
				GCC_WARN_64_TO_32_BIT_CONVERSION = YES;
				GCC_WARN_ABOUT_RETURN_TYPE = YES_ERROR;
				GCC_WARN_UNDECLARED_SELECTOR = YES;
				GCC_WARN_UNINITIALIZED_AUTOS = YES_AGGRESSIVE;
				GCC_WARN_UNUSED_FUNCTION = YES;
				GCC_WARN_UNUSED_VARIABLE = YES;
				IPHONEOS_DEPLOYMENT_TARGET = 8.4;
				MTL_ENABLE_DEBUG_INFO = YES;
				ONLY_ACTIVE_ARCH = YES;
				SDKROOT = iphoneos;
				SWIFT_OPTIMIZATION_LEVEL = "-Onone";
			};
			name = Debug;
		};
		C792C2941B4F46850062A170 /* Release */ = {
			isa = XCBuildConfiguration;
			buildSettings = {
				ALWAYS_SEARCH_USER_PATHS = NO;
				CLANG_CXX_LANGUAGE_STANDARD = "gnu++0x";
				CLANG_CXX_LIBRARY = "libc++";
				CLANG_ENABLE_MODULES = YES;
				CLANG_ENABLE_OBJC_ARC = YES;
				CLANG_WARN_BOOL_CONVERSION = YES;
				CLANG_WARN_CONSTANT_CONVERSION = YES;
				CLANG_WARN_DIRECT_OBJC_ISA_USAGE = YES_ERROR;
				CLANG_WARN_EMPTY_BODY = YES;
				CLANG_WARN_ENUM_CONVERSION = YES;
				CLANG_WARN_INT_CONVERSION = YES;
				CLANG_WARN_OBJC_ROOT_CLASS = YES_ERROR;
				CLANG_WARN_UNREACHABLE_CODE = YES;
				CLANG_WARN__DUPLICATE_METHOD_MATCH = YES;
				"CODE_SIGN_IDENTITY[sdk=iphoneos*]" = "iPhone Developer";
				COPY_PHASE_STRIP = NO;
				DEBUG_INFORMATION_FORMAT = "dwarf-with-dsym";
				ENABLE_NS_ASSERTIONS = NO;
				ENABLE_STRICT_OBJC_MSGSEND = YES;
				GCC_C_LANGUAGE_STANDARD = gnu99;
				GCC_NO_COMMON_BLOCKS = YES;
				GCC_WARN_64_TO_32_BIT_CONVERSION = YES;
				GCC_WARN_ABOUT_RETURN_TYPE = YES_ERROR;
				GCC_WARN_UNDECLARED_SELECTOR = YES;
				GCC_WARN_UNINITIALIZED_AUTOS = YES_AGGRESSIVE;
				GCC_WARN_UNUSED_FUNCTION = YES;
				GCC_WARN_UNUSED_VARIABLE = YES;
				IPHONEOS_DEPLOYMENT_TARGET = 8.4;
				MTL_ENABLE_DEBUG_INFO = NO;
				SDKROOT = iphoneos;
				VALIDATE_PRODUCT = YES;
			};
			name = Release;
		};
		C792C2961B4F46850062A170 /* Debug */ = {
			isa = XCBuildConfiguration;
			buildSettings = {
				ASSETCATALOG_COMPILER_APPICON_NAME = AppIcon;
				INFOPLIST_FILE = ringoTATemplate/Info.plist;
				LD_RUNPATH_SEARCH_PATHS = "$(inherited) @executable_path/Frameworks";
				PRODUCT_NAME = "$(TARGET_NAME)";
			};
			name = Debug;
		};
		C792C2971B4F46850062A170 /* Release */ = {
			isa = XCBuildConfiguration;
			buildSettings = {
				ASSETCATALOG_COMPILER_APPICON_NAME = AppIcon;
				INFOPLIST_FILE = ringoTATemplate/Info.plist;
				LD_RUNPATH_SEARCH_PATHS = "$(inherited) @executable_path/Frameworks";
				PRODUCT_NAME = "$(TARGET_NAME)";
			};
			name = Release;
		};
		C792C2991B4F46850062A170 /* Debug */ = {
			isa = XCBuildConfiguration;
			buildSettings = {
				BUNDLE_LOADER = "$(TEST_HOST)";
				FRAMEWORK_SEARCH_PATHS = (
					"$(SDKROOT)/Developer/Library/Frameworks",
					"$(inherited)",
				);
				GCC_PREPROCESSOR_DEFINITIONS = (
					"DEBUG=1",
					"$(inherited)",
				);
				INFOPLIST_FILE = ringoTATemplateTests/Info.plist;
				LD_RUNPATH_SEARCH_PATHS = "$(inherited) @executable_path/Frameworks @loader_path/Frameworks";
				PRODUCT_NAME = "$(TARGET_NAME)";
				TEST_HOST = "$(BUILT_PRODUCTS_DIR)/ringoTATemplate.app/ringoTATemplate";
			};
			name = Debug;
		};
		C792C29A1B4F46850062A170 /* Release */ = {
			isa = XCBuildConfiguration;
			buildSettings = {
				BUNDLE_LOADER = "$(TEST_HOST)";
				FRAMEWORK_SEARCH_PATHS = (
					"$(SDKROOT)/Developer/Library/Frameworks",
					"$(inherited)",
				);
				INFOPLIST_FILE = ringoTATemplateTests/Info.plist;
				LD_RUNPATH_SEARCH_PATHS = "$(inherited) @executable_path/Frameworks @loader_path/Frameworks";
				PRODUCT_NAME = "$(TARGET_NAME)";
				TEST_HOST = "$(BUILT_PRODUCTS_DIR)/ringoTATemplate.app/ringoTATemplate";
			};
			name = Release;
		};
/* End XCBuildConfiguration section */

/* Begin XCConfigurationList section */
		C792C26F1B4F46850062A170 /* Build configuration list for PBXProject "ringoTATemplate" */ = {
			isa = XCConfigurationList;
			buildConfigurations = (
				C792C2931B4F46850062A170 /* Debug */,
				C792C2941B4F46850062A170 /* Release */,
			);
			defaultConfigurationIsVisible = 0;
			defaultConfigurationName = Release;
		};
		C792C2951B4F46850062A170 /* Build configuration list for PBXNativeTarget "ringoTATemplate" */ = {
			isa = XCConfigurationList;
			buildConfigurations = (
				C792C2961B4F46850062A170 /* Debug */,
				C792C2971B4F46850062A170 /* Release */,
			);
			defaultConfigurationIsVisible = 0;
		};
		C792C2981B4F46850062A170 /* Build configuration list for PBXNativeTarget "ringoTATemplateTests" */ = {
			isa = XCConfigurationList;
			buildConfigurations = (
				C792C2991B4F46850062A170 /* Debug */,
				C792C29A1B4F46850062A170 /* Release */,
			);
			defaultConfigurationIsVisible = 0;
		};
/* End XCConfigurationList section */
	};
	rootObject = C792C26C1B4F46850062A170 /* Project object */;
}
